
Microsoft Visual Studio Solution File, Format Version 12.00
# Visual Studio 15
VisualStudioVersion = 15.0.27130.2027
MinimumVisualStudioVersion = 10.0.40219.1
Project("{FAE04EC0-301F-11D3-BF4B-00C04F79EFBC}") = "SharpFrame", "SharpFrame\SharpFrame.csproj", "{9020A468-E151-4391-AD3A-8471E14EEDEF}"
EndProject
Global
	GlobalSection(SolutionConfigurationPlatforms) = preSolution
		Debug|Any CPU = Debug|Any CPU
		Release|Any CPU = Release|Any CPU
	EndGlobalSection
	GlobalSection(ProjectConfigurationPlatforms) = postSolution
		{9020A468-E151-4391-AD3A-8471E14EEDEF}.Debug|Any CPU.ActiveCfg = Debug|Any CPU
		{9020A468-E151-4391-AD3A-8471E14EEDEF}.Debug|Any CPU.Build.0 = Debug|Any CPU
		{9020A468-E151-4391-AD3A-8471E14EEDEF}.Release|Any CPU.ActiveCfg = Release|Any CPU
		{9020A468-E151-4391-AD3A-8471E14EEDEF}.Release|Any CPU.Build.0 = Release|Any CPU
	EndGlobalSection
	GlobalSection(SolutionProperties) = preSolution
		HideSolutionNode = FALSE
	EndGlobalSection
	GlobalSection(ExtensibilityGlobals) = postSolution
		SolutionGuid = {300DDC29-3526-4FB9-9009-66180EB705FB}
	EndGlobalSection
EndGlobal
